
Microsoft Visual Studio Solution File, Format Version 12.00
# Visual Studio Version 17
VisualStudioVersion = 17.11.35222.181
MinimumVisualStudioVersion = 10.0.40219.1
Project("{9A19103F-16F7-4668-BE54-9A1E7A4F7556}") = "DataLibrary", "DataLibrary\DataLibrary.csproj", "{BCF63761-9D86-4EF3-BD76-FF9C19E4198B}"
EndProject
Project("{9A19103F-16F7-4668-BE54-9A1E7A4F7556}") = "RestaurantBooking", "RestaurantBooking\RestaurantBooking.csproj", "{3C19D401-8B12-4C87-B661-A2740EA8314B}"
EndProject
Global
	GlobalSection(SolutionConfigurationPlatforms) = preSolution
		Debug|Any CPU = Debug|Any CPU
		Release|Any CPU = Release|Any CPU
	EndGlobalSection
	GlobalSection(ProjectConfigurationPlatforms) = postSolution
		{BCF63761-9D86-4EF3-BD76-FF9C19E4198B}.Debug|Any CPU.ActiveCfg = Debug|Any CPU
		{BCF63761-9D86-4EF3-BD76-FF9C19E4198B}.Debug|Any CPU.Build.0 = Debug|Any CPU
		{BCF63761-9D86-4EF3-BD76-FF9C19E4198B}.Release|Any CPU.ActiveCfg = Release|Any CPU
		{BCF63761-9D86-4EF3-BD76-FF9C19E4198B}.Release|Any CPU.Build.0 = Release|Any CPU
		{3C19D401-8B12-4C87-B661-A2740EA8314B}.Debug|Any CPU.ActiveCfg = Debug|Any CPU
		{3C19D401-8B12-4C87-B661-A2740EA8314B}.Debug|Any CPU.Build.0 = Debug|Any CPU
		{3C19D401-8B12-4C87-B661-A2740EA8314B}.Release|Any CPU.ActiveCfg = Release|Any CPU
		{3C19D401-8B12-4C87-B661-A2740EA8314B}.Release|Any CPU.Build.0 = Release|Any CPU
	EndGlobalSection
	GlobalSection(SolutionProperties) = preSolution
		HideSolutionNode = FALSE
	EndGlobalSection
	GlobalSection(ExtensibilityGlobals) = postSolution
		SolutionGuid = {EBD28072-505B-4E26-95C7-C57ED58A7977}
	EndGlobalSection
EndGlobal
