
Microsoft Visual Studio Solution File, Format Version 12.00
# Visual Studio Version 17
VisualStudioVersion = 17.11.35222.181
MinimumVisualStudioVersion = 10.0.40219.1
Project("{9A19103F-16F7-4668-BE54-9A1E7A4F7556}") = "Coffee_Shop", "Coffee_Shop.csproj", "{04473980-9CB2-4F63-BC86-53346D572108}"
EndProject
Project("{9A19103F-16F7-4668-BE54-9A1E7A4F7556}") = "DataLibrary", "..\DataLibrary\DataLibrary.csproj", "{BCF63761-9D86-4EF3-BD76-FF9C19E4198B}"
EndProject
Project("{9A19103F-16F7-4668-BE54-9A1E7A4F7556}") = "CoffeeShopCustomer", "..\CoffeeShopCustomer\CoffeeShopCustomer.csproj", "{FD605067-874C-4C5B-A830-98ED9D4A04A6}"
EndProject
Global
	GlobalSection(SolutionConfigurationPlatforms) = preSolution
		Debug|Any CPU = Debug|Any CPU
		Release|Any CPU = Release|Any CPU
	EndGlobalSection
	GlobalSection(ProjectConfigurationPlatforms) = postSolution
		{04473980-9CB2-4F63-BC86-53346D572108}.Debug|Any CPU.ActiveCfg = Debug|Any CPU
		{04473980-9CB2-4F63-BC86-53346D572108}.Debug|Any CPU.Build.0 = Debug|Any CPU
		{04473980-9CB2-4F63-BC86-53346D572108}.Release|Any CPU.ActiveCfg = Release|Any CPU
		{04473980-9CB2-4F63-BC86-53346D572108}.Release|Any CPU.Build.0 = Release|Any CPU
		{BCF63761-9D86-4EF3-BD76-FF9C19E4198B}.Debug|Any CPU.ActiveCfg = Debug|Any CPU
		{BCF63761-9D86-4EF3-BD76-FF9C19E4198B}.Debug|Any CPU.Build.0 = Debug|Any CPU
		{BCF63761-9D86-4EF3-BD76-FF9C19E4198B}.Release|Any CPU.ActiveCfg = Release|Any CPU
		{BCF63761-9D86-4EF3-BD76-FF9C19E4198B}.Release|Any CPU.Build.0 = Release|Any CPU
		{FD605067-874C-4C5B-A830-98ED9D4A04A6}.Debug|Any CPU.ActiveCfg = Debug|Any CPU
		{FD605067-874C-4C5B-A830-98ED9D4A04A6}.Debug|Any CPU.Build.0 = Debug|Any CPU
		{FD605067-874C-4C5B-A830-98ED9D4A04A6}.Release|Any CPU.ActiveCfg = Release|Any CPU
		{FD605067-874C-4C5B-A830-98ED9D4A04A6}.Release|Any CPU.Build.0 = Release|Any CPU
	EndGlobalSection
	GlobalSection(SolutionProperties) = preSolution
		HideSolutionNode = FALSE
	EndGlobalSection
	GlobalSection(ExtensibilityGlobals) = postSolution
		SolutionGuid = {EBD28072-505B-4E26-95C7-C57ED58A7977}
	EndGlobalSection
EndGlobal
